
Microsoft Visual Studio Solution File, Format Version 12.00
# Visual Studio Version 16
VisualStudioVersion = 16.0.30621.155
MinimumVisualStudioVersion = 10.0.40219.1
Project("{8BC9CEB8-8B4A-11D0-8D11-00A0C91BC942}") = "BCryptGenRandom", "BCryptGenRandom.vcxproj", "{7D8E2FA7-11D9-4DD1-9260-A78A01EEF233}"
EndProject
Global
	GlobalSection(SolutionConfigurationPlatforms) = preSolution
		Debug|x64 = Debug|x64
		Debug|x86 = Debug|x86
		Release|x64 = Release|x64
		Release|x86 = Release|x86
	EndGlobalSection
	GlobalSection(ProjectConfigurationPlatforms) = postSolution
		{7D8E2FA7-11D9-4DD1-9260-A78A01EEF233}.Debug|x64.ActiveCfg = Debug|x64
		{7D8E2FA7-11D9-4DD1-9260-A78A01EEF233}.Debug|x64.Build.0 = Debug|x64
		{7D8E2FA7-11D9-4DD1-9260-A78A01EEF233}.Debug|x86.ActiveCfg = Debug|Win32
		{7D8E2FA7-11D9-4DD1-9260-A78A01EEF233}.Debug|x86.Build.0 = Debug|Win32
		{7D8E2FA7-11D9-4DD1-9260-A78A01EEF233}.Release|x64.ActiveCfg = Release|x64
		{7D8E2FA7-11D9-4DD1-9260-A78A01EEF233}.Release|x64.Build.0 = Release|x64
		{7D8E2FA7-11D9-4DD1-9260-A78A01EEF233}.Release|x86.ActiveCfg = Release|Win32
		{7D8E2FA7-11D9-4DD1-9260-A78A01EEF233}.Release|x86.Build.0 = Release|Win32
	EndGlobalSection
	GlobalSection(SolutionProperties) = preSolution
		HideSolutionNode = FALSE
	EndGlobalSection
	GlobalSection(ExtensibilityGlobals) = postSolution
		SolutionGuid = {9C02284F-C18B-4A7B-A154-D016FFF6FAD8}
	EndGlobalSection
EndGlobal
